
Microsoft Visual Studio Solution File, Format Version 12.00
# Visual Studio Version 17
VisualStudioVersion = 17.5.2.0
MinimumVisualStudioVersion = 10.0.40219.1
Project("{FAE04EC0-301F-11D3-BF4B-00C04F79EFBC}") = "Map", "Map.csproj", "{8F4E6C7F-613F-D03B-497B-AD117FF895E1}"
EndProject
Project("{FAE04EC0-301F-11D3-BF4B-00C04F79EFBC}") = "V2", "..\V2\V2.csproj", "{701F7912-CF6A-478B-A304-93781BD9B7D0}"
EndProject
Project("{FAE04EC0-301F-11D3-BF4B-00C04F79EFBC}") = "V3", "..\V3\V3.csproj", "{8128377C-D50C-4C48-80E7-4634E9252E5B}"
EndProject
Global
	GlobalSection(SolutionConfigurationPlatforms) = preSolution
		Debug|Any CPU = Debug|Any CPU
		Debug|x64 = Debug|x64
		Debug|x86 = Debug|x86
		Release|Any CPU = Release|Any CPU
		Release|x64 = Release|x64
		Release|x86 = Release|x86
	EndGlobalSection
	GlobalSection(ProjectConfigurationPlatforms) = postSolution
		{8F4E6C7F-613F-D03B-497B-AD117FF895E1}.Debug|Any CPU.ActiveCfg = Debug|Any CPU
		{8F4E6C7F-613F-D03B-497B-AD117FF895E1}.Debug|Any CPU.Build.0 = Debug|Any CPU
		{8F4E6C7F-613F-D03B-497B-AD117FF895E1}.Debug|x64.ActiveCfg = Debug|Any CPU
		{8F4E6C7F-613F-D03B-497B-AD117FF895E1}.Debug|x64.Build.0 = Debug|Any CPU
		{8F4E6C7F-613F-D03B-497B-AD117FF895E1}.Debug|x86.ActiveCfg = Debug|Any CPU
		{8F4E6C7F-613F-D03B-497B-AD117FF895E1}.Debug|x86.Build.0 = Debug|Any CPU
		{8F4E6C7F-613F-D03B-497B-AD117FF895E1}.Release|Any CPU.ActiveCfg = Release|Any CPU
		{8F4E6C7F-613F-D03B-497B-AD117FF895E1}.Release|Any CPU.Build.0 = Release|Any CPU
		{8F4E6C7F-613F-D03B-497B-AD117FF895E1}.Release|x64.ActiveCfg = Release|Any CPU
		{8F4E6C7F-613F-D03B-497B-AD117FF895E1}.Release|x64.Build.0 = Release|Any CPU
		{8F4E6C7F-613F-D03B-497B-AD117FF895E1}.Release|x86.ActiveCfg = Release|Any CPU
		{8F4E6C7F-613F-D03B-497B-AD117FF895E1}.Release|x86.Build.0 = Release|Any CPU
		{701F7912-CF6A-478B-A304-93781BD9B7D0}.Debug|Any CPU.ActiveCfg = Debug|Any CPU
		{701F7912-CF6A-478B-A304-93781BD9B7D0}.Debug|Any CPU.Build.0 = Debug|Any CPU
		{701F7912-CF6A-478B-A304-93781BD9B7D0}.Debug|x64.ActiveCfg = Debug|Any CPU
		{701F7912-CF6A-478B-A304-93781BD9B7D0}.Debug|x64.Build.0 = Debug|Any CPU
		{701F7912-CF6A-478B-A304-93781BD9B7D0}.Debug|x86.ActiveCfg = Debug|Any CPU
		{701F7912-CF6A-478B-A304-93781BD9B7D0}.Debug|x86.Build.0 = Debug|Any CPU
		{701F7912-CF6A-478B-A304-93781BD9B7D0}.Release|Any CPU.ActiveCfg = Release|Any CPU
		{701F7912-CF6A-478B-A304-93781BD9B7D0}.Release|Any CPU.Build.0 = Release|Any CPU
		{701F7912-CF6A-478B-A304-93781BD9B7D0}.Release|x64.ActiveCfg = Release|Any CPU
		{701F7912-CF6A-478B-A304-93781BD9B7D0}.Release|x64.Build.0 = Release|Any CPU
		{701F7912-CF6A-478B-A304-93781BD9B7D0}.Release|x86.ActiveCfg = Release|Any CPU
		{701F7912-CF6A-478B-A304-93781BD9B7D0}.Release|x86.Build.0 = Release|Any CPU
		{8128377C-D50C-4C48-80E7-4634E9252E5B}.Debug|Any CPU.ActiveCfg = Debug|Any CPU
		{8128377C-D50C-4C48-80E7-4634E9252E5B}.Debug|Any CPU.Build.0 = Debug|Any CPU
		{8128377C-D50C-4C48-80E7-4634E9252E5B}.Debug|x64.ActiveCfg = Debug|Any CPU
		{8128377C-D50C-4C48-80E7-4634E9252E5B}.Debug|x64.Build.0 = Debug|Any CPU
		{8128377C-D50C-4C48-80E7-4634E9252E5B}.Debug|x86.ActiveCfg = Debug|Any CPU
		{8128377C-D50C-4C48-80E7-4634E9252E5B}.Debug|x86.Build.0 = Debug|Any CPU
		{8128377C-D50C-4C48-80E7-4634E9252E5B}.Release|Any CPU.ActiveCfg = Release|Any CPU
		{8128377C-D50C-4C48-80E7-4634E9252E5B}.Release|Any CPU.Build.0 = Release|Any CPU
		{8128377C-D50C-4C48-80E7-4634E9252E5B}.Release|x64.ActiveCfg = Release|Any CPU
		{8128377C-D50C-4C48-80E7-4634E9252E5B}.Release|x64.Build.0 = Release|Any CPU
		{8128377C-D50C-4C48-80E7-4634E9252E5B}.Release|x86.ActiveCfg = Release|Any CPU
		{8128377C-D50C-4C48-80E7-4634E9252E5B}.Release|x86.Build.0 = Release|Any CPU
	EndGlobalSection
	GlobalSection(SolutionProperties) = preSolution
		HideSolutionNode = FALSE
	EndGlobalSection
	GlobalSection(ExtensibilityGlobals) = postSolution
		SolutionGuid = {D2E46DFA-6971-46D1-B251-AB44413F07C7}
	EndGlobalSection
EndGlobal
